
Microsoft Visual Studio Solution File, Format Version 12.00
# Visual Studio Version 16
VisualStudioVersion = 16.0.31515.178
MinimumVisualStudioVersion = 10.0.40219.1
Project("{FAE04EC0-301F-11D3-BF4B-00C04F79EFBC}") = "Line-Comparison", "Line-Comparison\Line-Comparison.csproj", "{3241B614-7966-4116-8E09-15D6B4DCAF2B}"
EndProject
Global
	GlobalSection(SolutionConfigurationPlatforms) = preSolution
		Debug|Any CPU = Debug|Any CPU
		Release|Any CPU = Release|Any CPU
	EndGlobalSection
	GlobalSection(ProjectConfigurationPlatforms) = postSolution
		{3241B614-7966-4116-8E09-15D6B4DCAF2B}.Debug|Any CPU.ActiveCfg = Debug|Any CPU
		{3241B614-7966-4116-8E09-15D6B4DCAF2B}.Debug|Any CPU.Build.0 = Debug|Any CPU
		{3241B614-7966-4116-8E09-15D6B4DCAF2B}.Release|Any CPU.ActiveCfg = Release|Any CPU
		{3241B614-7966-4116-8E09-15D6B4DCAF2B}.Release|Any CPU.Build.0 = Release|Any CPU
	EndGlobalSection
	GlobalSection(SolutionProperties) = preSolution
		HideSolutionNode = FALSE
	EndGlobalSection
	GlobalSection(ExtensibilityGlobals) = postSolution
		SolutionGuid = {D0FDBEA3-FFF8-4A91-A851-C2E5124E0D0D}
	EndGlobalSection
EndGlobal
